
Microsoft Visual Studio Solution File, Format Version 12.00
Project("{FAE04EC0-301F-11D3-BF4B-00C04F79EFBC}") = "RndDotNet.ObjectMapping.Benchmark", "src\RndDotNet.ObjectMapping.Benchmark\RndDotNet.ObjectMapping.Benchmark.csproj", "{4A4477CF-D124-49ED-88A3-22312EE29607}"
EndProject
Global
	GlobalSection(SolutionConfigurationPlatforms) = preSolution
		Debug|Any CPU = Debug|Any CPU
		Release|Any CPU = Release|Any CPU
	EndGlobalSection
	GlobalSection(ProjectConfigurationPlatforms) = postSolution
		{4A4477CF-D124-49ED-88A3-22312EE29607}.Debug|Any CPU.ActiveCfg = Debug|Any CPU
		{4A4477CF-D124-49ED-88A3-22312EE29607}.Debug|Any CPU.Build.0 = Debug|Any CPU
		{4A4477CF-D124-49ED-88A3-22312EE29607}.Release|Any CPU.ActiveCfg = Release|Any CPU
		{4A4477CF-D124-49ED-88A3-22312EE29607}.Release|Any CPU.Build.0 = Release|Any CPU
	EndGlobalSection
EndGlobal
